// !$*UTF8*$!
{
	archiveVersion = 1;
	classes = {
	};
	objectVersion = 56;
	objects = {

/* Begin PBXBuildFile section */
		930532822C61BEF0003E906D /* SongRowCell.swift in Sources */ = {isa = PBXBuildFile; fileRef = 930532812C61BEF0003E906D /* SongRowCell.swift */; };
		93160A0A2C67CBED0062C0C9 /* BumbleChatPreviewCell.swift in Sources */ = {isa = PBXBuildFile; fileRef = 93160A092C67CBED0062C0C9 /* BumbleChatPreviewCell.swift */; };
		9334A3772C67BF8000539120 /* BumbleProfileImageCell.swift in Sources */ = {isa = PBXBuildFile; fileRef = 9334A3762C67BF8000539120 /* BumbleProfileImageCell.swift */; };
		933BC20E2C66FDD9009C24F3 /* BumbleHomeView.swift in Sources */ = {isa = PBXBuildFile; fileRef = 933BC20D2C66FDD9009C24F3 /* BumbleHomeView.swift */; };
		933BC2102C670138009C24F3 /* BumbleFilterView.swift in Sources */ = {isa = PBXBuildFile; fileRef = 933BC20F2C670138009C24F3 /* BumbleFilterView.swift */; };
		933BC2122C670921009C24F3 /* BumbleCardView.swift in Sources */ = {isa = PBXBuildFile; fileRef = 933BC2112C670921009C24F3 /* BumbleCardView.swift */; };
		933BC2142C670BD5009C24F3 /* BumbleHeartView.swift in Sources */ = {isa = PBXBuildFile; fileRef = 933BC2132C670BD5009C24F3 /* BumbleHeartView.swift */; };
		933BC2162C67122F009C24F3 /* InterestPillView.swift in Sources */ = {isa = PBXBuildFile; fileRef = 933BC2152C67122F009C24F3 /* InterestPillView.swift */; };
		933BC2182C6714AB009C24F3 /* InterestPillGridView.swift in Sources */ = {isa = PBXBuildFile; fileRef = 933BC2172C6714AB009C24F3 /* InterestPillGridView.swift */; };
		93A99D3E2C60044D00ED69BD /* Constants.swift in Sources */ = {isa = PBXBuildFile; fileRef = 93A99D3D2C60044D00ED69BD /* Constants.swift */; };
		93A99D402C6006A700ED69BD /* DatabaseHelper.swift in Sources */ = {isa = PBXBuildFile; fileRef = 93A99D3F2C6006A700ED69BD /* DatabaseHelper.swift */; };
		93A99D422C60097B00ED69BD /* Product.swift in Sources */ = {isa = PBXBuildFile; fileRef = 93A99D412C60097B00ED69BD /* Product.swift */; };
		93A99D442C60098C00ED69BD /* User.swift in Sources */ = {isa = PBXBuildFile; fileRef = 93A99D432C60098C00ED69BD /* User.swift */; };
		93D8F4652C60016F00868DA3 /* SwiftfulSwitUIInPracticeApp.swift in Sources */ = {isa = PBXBuildFile; fileRef = 93D8F4642C60016F00868DA3 /* SwiftfulSwitUIInPracticeApp.swift */; };
		93D8F4672C60016F00868DA3 /* ContentView.swift in Sources */ = {isa = PBXBuildFile; fileRef = 93D8F4662C60016F00868DA3 /* ContentView.swift */; };
		93D8F4692C60017000868DA3 /* Assets.xcassets in Resources */ = {isa = PBXBuildFile; fileRef = 93D8F4682C60017000868DA3 /* Assets.xcassets */; };
		93D8F46D2C60017000868DA3 /* Preview Assets.xcassets in Resources */ = {isa = PBXBuildFile; fileRef = 93D8F46C2C60017000868DA3 /* Preview Assets.xcassets */; };
		93D8F4752C6002D900868DA3 /* SDWebImageSwiftUI in Frameworks */ = {isa = PBXBuildFile; productRef = 93D8F4742C6002D900868DA3 /* SDWebImageSwiftUI */; };
		93D8F47A2C60033C00868DA3 /* ImageLoaderView.swift in Sources */ = {isa = PBXBuildFile; fileRef = 93D8F4792C60033C00868DA3 /* ImageLoaderView.swift */; };
		93DDA0602C6012340014F8AE /* SwiftfulUI in Frameworks */ = {isa = PBXBuildFile; productRef = 93DDA05F2C6012340014F8AE /* SwiftfulUI */; };
		93DDA0632C60123F0014F8AE /* SwiftfulRouting in Frameworks */ = {isa = PBXBuildFile; productRef = 93DDA0622C60123F0014F8AE /* SwiftfulRouting */; };
		93DDA0682C60425B0014F8AE /* SpotifyHomeView.swift in Sources */ = {isa = PBXBuildFile; fileRef = 93DDA0672C60425B0014F8AE /* SpotifyHomeView.swift */; };
		93DDA06A2C60443D0014F8AE /* SpotifyCategoryCell.swift in Sources */ = {isa = PBXBuildFile; fileRef = 93DDA0692C60443D0014F8AE /* SpotifyCategoryCell.swift */; };
		93DDA06D2C6045DB0014F8AE /* Category.swift in Sources */ = {isa = PBXBuildFile; fileRef = 93DDA06C2C6045DB0014F8AE /* Category.swift */; };
		93DDA06F2C605A5A0014F8AE /* SpotifyRecentsCell.swift in Sources */ = {isa = PBXBuildFile; fileRef = 93DDA06E2C605A5A0014F8AE /* SpotifyRecentsCell.swift */; };
		93DDA0712C6060630014F8AE /* SpotifyNewReleaseCell.swift in Sources */ = {isa = PBXBuildFile; fileRef = 93DDA0702C6060630014F8AE /* SpotifyNewReleaseCell.swift */; };
		93DDA0732C6071DA0014F8AE /* ImageTitleRowCell.swift in Sources */ = {isa = PBXBuildFile; fileRef = 93DDA0722C6071DA0014F8AE /* ImageTitleRowCell.swift */; };
		93DDA0752C6081FA0014F8AE /* SpotifyPlaylistView.swift in Sources */ = {isa = PBXBuildFile; fileRef = 93DDA0742C6081FA0014F8AE /* SpotifyPlaylistView.swift */; };
		93DDA0772C60822D0014F8AE /* PlaylistHeaderCell.swift in Sources */ = {isa = PBXBuildFile; fileRef = 93DDA0762C60822D0014F8AE /* PlaylistHeaderCell.swift */; };
		93DDA0792C60883E0014F8AE /* PlaylistDescriptionCell.swift in Sources */ = {isa = PBXBuildFile; fileRef = 93DDA0782C60883E0014F8AE /* PlaylistDescriptionCell.swift */; };
/* End PBXBuildFile section */

/* Begin PBXFileReference section */
		930532812C61BEF0003E906D /* SongRowCell.swift */ = {isa = PBXFileReference; lastKnownFileType = sourcecode.swift; path = SongRowCell.swift; sourceTree = "<group>"; };
		93160A092C67CBED0062C0C9 /* BumbleChatPreviewCell.swift */ = {isa = PBXFileReference; lastKnownFileType = sourcecode.swift; path = BumbleChatPreviewCell.swift; sourceTree = "<group>"; };
		9334A3762C67BF8000539120 /* BumbleProfileImageCell.swift */ = {isa = PBXFileReference; lastKnownFileType = sourcecode.swift; path = BumbleProfileImageCell.swift; sourceTree = "<group>"; };
		933BC20D2C66FDD9009C24F3 /* BumbleHomeView.swift */ = {isa = PBXFileReference; lastKnownFileType = sourcecode.swift; path = BumbleHomeView.swift; sourceTree = "<group>"; };
		933BC20F2C670138009C24F3 /* BumbleFilterView.swift */ = {isa = PBXFileReference; lastKnownFileType = sourcecode.swift; path = BumbleFilterView.swift; sourceTree = "<group>"; };
		933BC2112C670921009C24F3 /* BumbleCardView.swift */ = {isa = PBXFileReference; lastKnownFileType = sourcecode.swift; path = BumbleCardView.swift; sourceTree = "<group>"; };
		933BC2132C670BD5009C24F3 /* BumbleHeartView.swift */ = {isa = PBXFileReference; lastKnownFileType = sourcecode.swift; path = BumbleHeartView.swift; sourceTree = "<group>"; };
		933BC2152C67122F009C24F3 /* InterestPillView.swift */ = {isa = PBXFileReference; lastKnownFileType = sourcecode.swift; path = InterestPillView.swift; sourceTree = "<group>"; };
		933BC2172C6714AB009C24F3 /* InterestPillGridView.swift */ = {isa = PBXFileReference; lastKnownFileType = sourcecode.swift; path = InterestPillGridView.swift; sourceTree = "<group>"; };
		93A99D3D2C60044D00ED69BD /* Constants.swift */ = {isa = PBXFileReference; lastKnownFileType = sourcecode.swift; path = Constants.swift; sourceTree = "<group>"; };
		93A99D3F2C6006A700ED69BD /* DatabaseHelper.swift */ = {isa = PBXFileReference; lastKnownFileType = sourcecode.swift; path = DatabaseHelper.swift; sourceTree = "<group>"; };
		93A99D412C60097B00ED69BD /* Product.swift */ = {isa = PBXFileReference; lastKnownFileType = sourcecode.swift; path = Product.swift; sourceTree = "<group>"; };
		93A99D432C60098C00ED69BD /* User.swift */ = {isa = PBXFileReference; lastKnownFileType = sourcecode.swift; path = User.swift; sourceTree = "<group>"; };
		93D8F4612C60016F00868DA3 /* SwiftfulSwitUIInPractice.app */ = {isa = PBXFileReference; explicitFileType = wrapper.application; includeInIndex = 0; path = SwiftfulSwitUIInPractice.app; sourceTree = BUILT_PRODUCTS_DIR; };
		93D8F4642C60016F00868DA3 /* SwiftfulSwitUIInPracticeApp.swift */ = {isa = PBXFileReference; lastKnownFileType = sourcecode.swift; path = SwiftfulSwitUIInPracticeApp.swift; sourceTree = "<group>"; };
		93D8F4662C60016F00868DA3 /* ContentView.swift */ = {isa = PBXFileReference; lastKnownFileType = sourcecode.swift; path = ContentView.swift; sourceTree = "<group>"; };
		93D8F4682C60017000868DA3 /* Assets.xcassets */ = {isa = PBXFileReference; lastKnownFileType = folder.assetcatalog; path = Assets.xcassets; sourceTree = "<group>"; };
		93D8F46A2C60017000868DA3 /* SwiftfulSwitUIInPractice.entitlements */ = {isa = PBXFileReference; lastKnownFileType = text.plist.entitlements; path = SwiftfulSwitUIInPractice.entitlements; sourceTree = "<group>"; };
		93D8F46C2C60017000868DA3 /* Preview Assets.xcassets */ = {isa = PBXFileReference; lastKnownFileType = folder.assetcatalog; path = "Preview Assets.xcassets"; sourceTree = "<group>"; };
		93D8F4792C60033C00868DA3 /* ImageLoaderView.swift */ = {isa = PBXFileReference; lastKnownFileType = sourcecode.swift; path = ImageLoaderView.swift; sourceTree = "<group>"; };
		93DDA0672C60425B0014F8AE /* SpotifyHomeView.swift */ = {isa = PBXFileReference; lastKnownFileType = sourcecode.swift; path = SpotifyHomeView.swift; sourceTree = "<group>"; };
		93DDA0692C60443D0014F8AE /* SpotifyCategoryCell.swift */ = {isa = PBXFileReference; lastKnownFileType = sourcecode.swift; path = SpotifyCategoryCell.swift; sourceTree = "<group>"; };
		93DDA06C2C6045DB0014F8AE /* Category.swift */ = {isa = PBXFileReference; lastKnownFileType = sourcecode.swift; path = Category.swift; sourceTree = "<group>"; };
		93DDA06E2C605A5A0014F8AE /* SpotifyRecentsCell.swift */ = {isa = PBXFileReference; lastKnownFileType = sourcecode.swift; path = SpotifyRecentsCell.swift; sourceTree = "<group>"; };
		93DDA0702C6060630014F8AE /* SpotifyNewReleaseCell.swift */ = {isa = PBXFileReference; lastKnownFileType = sourcecode.swift; path = SpotifyNewReleaseCell.swift; sourceTree = "<group>"; };
		93DDA0722C6071DA0014F8AE /* ImageTitleRowCell.swift */ = {isa = PBXFileReference; lastKnownFileType = sourcecode.swift; path = ImageTitleRowCell.swift; sourceTree = "<group>"; };
		93DDA0742C6081FA0014F8AE /* SpotifyPlaylistView.swift */ = {isa = PBXFileReference; lastKnownFileType = sourcecode.swift; path = SpotifyPlaylistView.swift; sourceTree = "<group>"; };
		93DDA0762C60822D0014F8AE /* PlaylistHeaderCell.swift */ = {isa = PBXFileReference; lastKnownFileType = sourcecode.swift; path = PlaylistHeaderCell.swift; sourceTree = "<group>"; };
		93DDA0782C60883E0014F8AE /* PlaylistDescriptionCell.swift */ = {isa = PBXFileReference; lastKnownFileType = sourcecode.swift; path = PlaylistDescriptionCell.swift; sourceTree = "<group>"; };
/* End PBXFileReference section */

/* Begin PBXFrameworksBuildPhase section */
		93D8F45E2C60016F00868DA3 /* Frameworks */ = {
			isa = PBXFrameworksBuildPhase;
			buildActionMask = 2147483647;
			files = (
				93DDA0602C6012340014F8AE /* SwiftfulUI in Frameworks */,
				93DDA0632C60123F0014F8AE /* SwiftfulRouting in Frameworks */,
				93D8F4752C6002D900868DA3 /* SDWebImageSwiftUI in Frameworks */,
			);
			runOnlyForDeploymentPostprocessing = 0;
		};
/* End PBXFrameworksBuildPhase section */

/* Begin PBXGroup section */
		933BC20A2C66FCFE009C24F3 /* Bumble */ = {
			isa = PBXGroup;
			children = (
				933BC20C2C66FDCF009C24F3 /* Core */,
				933BC20B2C66FDC6009C24F3 /* Components */,
			);
			path = Bumble;
			sourceTree = "<group>";
		};
		933BC20B2C66FDC6009C24F3 /* Components */ = {
			isa = PBXGroup;
			children = (
				933BC20F2C670138009C24F3 /* BumbleFilterView.swift */,
				933BC2112C670921009C24F3 /* BumbleCardView.swift */,
				933BC2132C670BD5009C24F3 /* BumbleHeartView.swift */,
				933BC2152C67122F009C24F3 /* InterestPillView.swift */,
				933BC2172C6714AB009C24F3 /* InterestPillGridView.swift */,
				9334A3762C67BF8000539120 /* BumbleProfileImageCell.swift */,
				93160A092C67CBED0062C0C9 /* BumbleChatPreviewCell.swift */,
			);
			path = Components;
			sourceTree = "<group>";
		};
		933BC20C2C66FDCF009C24F3 /* Core */ = {
			isa = PBXGroup;
			children = (
				933BC20D2C66FDD9009C24F3 /* BumbleHomeView.swift */,
			);
			path = Core;
			sourceTree = "<group>";
		};
		93D8F4582C60016F00868DA3 = {
			isa = PBXGroup;
			children = (
				93D8F4632C60016F00868DA3 /* SwiftfulSwitUIInPractice */,
				93D8F4622C60016F00868DA3 /* Products */,
			);
			sourceTree = "<group>";
		};
		93D8F4622C60016F00868DA3 /* Products */ = {
			isa = PBXGroup;
			children = (
				93D8F4612C60016F00868DA3 /* SwiftfulSwitUIInPractice.app */,
			);
			name = Products;
			sourceTree = "<group>";
		};
		93D8F4632C60016F00868DA3 /* SwiftfulSwitUIInPractice */ = {
			isa = PBXGroup;
			children = (
				933BC20A2C66FCFE009C24F3 /* Bumble */,
				93D8F4642C60016F00868DA3 /* SwiftfulSwitUIInPracticeApp.swift */,
				93D8F4662C60016F00868DA3 /* ContentView.swift */,
				93DDA0642C6042390014F8AE /* Spotify */,
				93D8F4762C60030300868DA3 /* Shared */,
				93D8F4682C60017000868DA3 /* Assets.xcassets */,
				93D8F46A2C60017000868DA3 /* SwiftfulSwitUIInPractice.entitlements */,
				93D8F46B2C60017000868DA3 /* Preview Content */,
			);
			path = SwiftfulSwitUIInPractice;
			sourceTree = "<group>";
		};
		93D8F46B2C60017000868DA3 /* Preview Content */ = {
			isa = PBXGroup;
			children = (
				93D8F46C2C60017000868DA3 /* Preview Assets.xcassets */,
			);
			path = "Preview Content";
			sourceTree = "<group>";
		};
		93D8F4762C60030300868DA3 /* Shared */ = {
			isa = PBXGroup;
			children = (
				93D8F4792C60033C00868DA3 /* ImageLoaderView.swift */,
				93A99D3D2C60044D00ED69BD /* Constants.swift */,
				93A99D3F2C6006A700ED69BD /* DatabaseHelper.swift */,
				93A99D412C60097B00ED69BD /* Product.swift */,
				93A99D432C60098C00ED69BD /* User.swift */,
			);
			path = Shared;
			sourceTree = "<group>";
		};
		93DDA0642C6042390014F8AE /* Spotify */ = {
			isa = PBXGroup;
			children = (
				93DDA06B2C6045CC0014F8AE /* Models */,
				93DDA0662C6042480014F8AE /* Components */,
				93DDA0652C6042410014F8AE /* Core */,
			);
			path = Spotify;
			sourceTree = "<group>";
		};
		93DDA0652C6042410014F8AE /* Core */ = {
			isa = PBXGroup;
			children = (
				93DDA0672C60425B0014F8AE /* SpotifyHomeView.swift */,
				93DDA0742C6081FA0014F8AE /* SpotifyPlaylistView.swift */,
			);
			path = Core;
			sourceTree = "<group>";
		};
		93DDA0662C6042480014F8AE /* Components */ = {
			isa = PBXGroup;
			children = (
				93DDA0692C60443D0014F8AE /* SpotifyCategoryCell.swift */,
				93DDA06E2C605A5A0014F8AE /* SpotifyRecentsCell.swift */,
				93DDA0702C6060630014F8AE /* SpotifyNewReleaseCell.swift */,
				93DDA0722C6071DA0014F8AE /* ImageTitleRowCell.swift */,
				93DDA0762C60822D0014F8AE /* PlaylistHeaderCell.swift */,
				93DDA0782C60883E0014F8AE /* PlaylistDescriptionCell.swift */,
				930532812C61BEF0003E906D /* SongRowCell.swift */,
			);
			path = Components;
			sourceTree = "<group>";
		};
		93DDA06B2C6045CC0014F8AE /* Models */ = {
			isa = PBXGroup;
			children = (
				93DDA06C2C6045DB0014F8AE /* Category.swift */,
			);
			path = Models;
			sourceTree = "<group>";
		};
/* End PBXGroup section */

/* Begin PBXNativeTarget section */
		93D8F4602C60016F00868DA3 /* SwiftfulSwitUIInPractice */ = {
			isa = PBXNativeTarget;
			buildConfigurationList = 93D8F4702C60017000868DA3 /* Build configuration list for PBXNativeTarget "SwiftfulSwitUIInPractice" */;
			buildPhases = (
				93D8F45D2C60016F00868DA3 /* Sources */,
				93D8F45E2C60016F00868DA3 /* Frameworks */,
				93D8F45F2C60016F00868DA3 /* Resources */,
			);
			buildRules = (
			);
			dependencies = (
			);
			name = SwiftfulSwitUIInPractice;
			packageProductDependencies = (
				93D8F4742C6002D900868DA3 /* SDWebImageSwiftUI */,
				93DDA05F2C6012340014F8AE /* SwiftfulUI */,
				93DDA0622C60123F0014F8AE /* SwiftfulRouting */,
			);
			productName = SwiftfulSwitUIInPractice;
			productReference = 93D8F4612C60016F00868DA3 /* SwiftfulSwitUIInPractice.app */;
			productType = "com.apple.product-type.application";
		};
/* End PBXNativeTarget section */

/* Begin PBXProject section */
		93D8F4592C60016F00868DA3 /* Project object */ = {
			isa = PBXProject;
			attributes = {
				BuildIndependentTargetsInParallel = 1;
				LastSwiftUpdateCheck = 1540;
				LastUpgradeCheck = 1540;
				TargetAttributes = {
					93D8F4602C60016F00868DA3 = {
						CreatedOnToolsVersion = 15.4;
					};
				};
			};
			buildConfigurationList = 93D8F45C2C60016F00868DA3 /* Build configuration list for PBXProject "SwiftfulSwitUIInPractice" */;
			compatibilityVersion = "Xcode 14.0";
			developmentRegion = en;
			hasScannedForEncodings = 0;
			knownRegions = (
				en,
				Base,
			);
			mainGroup = 93D8F4582C60016F00868DA3;
			packageReferences = (
				93D8F4732C6002D900868DA3 /* XCRemoteSwiftPackageReference "SDWebImageSwiftUI" */,
				93DDA05E2C6012340014F8AE /* XCRemoteSwiftPackageReference "SwiftfulUI" */,
				93DDA0612C60123F0014F8AE /* XCRemoteSwiftPackageReference "SwiftfulRouting" */,
			);
			productRefGroup = 93D8F4622C60016F00868DA3 /* Products */;
			projectDirPath = "";
			projectRoot = "";
			targets = (
				93D8F4602C60016F00868DA3 /* SwiftfulSwitUIInPractice */,
			);
		};
/* End PBXProject section */

/* Begin PBXResourcesBuildPhase section */
		93D8F45F2C60016F00868DA3 /* Resources */ = {
			isa = PBXResourcesBuildPhase;
			buildActionMask = 2147483647;
			files = (
				93D8F46D2C60017000868DA3 /* Preview Assets.xcassets in Resources */,
				93D8F4692C60017000868DA3 /* Assets.xcassets in Resources */,
			);
			runOnlyForDeploymentPostprocessing = 0;
		};
/* End PBXResourcesBuildPhase section */

/* Begin PBXSourcesBuildPhase section */
		93D8F45D2C60016F00868DA3 /* Sources */ = {
			isa = PBXSourcesBuildPhase;
			buildActionMask = 2147483647;
			files = (
				93D8F47A2C60033C00868DA3 /* ImageLoaderView.swift in Sources */,
				93DDA06D2C6045DB0014F8AE /* Category.swift in Sources */,
				93DDA06A2C60443D0014F8AE /* SpotifyCategoryCell.swift in Sources */,
				933BC2162C67122F009C24F3 /* InterestPillView.swift in Sources */,
				933BC2122C670921009C24F3 /* BumbleCardView.swift in Sources */,
				93DDA0712C6060630014F8AE /* SpotifyNewReleaseCell.swift in Sources */,
				933BC20E2C66FDD9009C24F3 /* BumbleHomeView.swift in Sources */,
				93DDA0772C60822D0014F8AE /* PlaylistHeaderCell.swift in Sources */,
				93A99D402C6006A700ED69BD /* DatabaseHelper.swift in Sources */,
				93DDA0682C60425B0014F8AE /* SpotifyHomeView.swift in Sources */,
				933BC2182C6714AB009C24F3 /* InterestPillGridView.swift in Sources */,
				93DDA0732C6071DA0014F8AE /* ImageTitleRowCell.swift in Sources */,
				93DDA0752C6081FA0014F8AE /* SpotifyPlaylistView.swift in Sources */,
				93D8F4672C60016F00868DA3 /* ContentView.swift in Sources */,
				93D8F4652C60016F00868DA3 /* SwiftfulSwitUIInPracticeApp.swift in Sources */,
				93160A0A2C67CBED0062C0C9 /* BumbleChatPreviewCell.swift in Sources */,
				93A99D3E2C60044D00ED69BD /* Constants.swift in Sources */,
				93DDA06F2C605A5A0014F8AE /* SpotifyRecentsCell.swift in Sources */,
				93A99D422C60097B00ED69BD /* Product.swift in Sources */,
				9334A3772C67BF8000539120 /* BumbleProfileImageCell.swift in Sources */,
				933BC2102C670138009C24F3 /* BumbleFilterView.swift in Sources */,
				930532822C61BEF0003E906D /* SongRowCell.swift in Sources */,
				933BC2142C670BD5009C24F3 /* BumbleHeartView.swift in Sources */,
				93DDA0792C60883E0014F8AE /* PlaylistDescriptionCell.swift in Sources */,
				93A99D442C60098C00ED69BD /* User.swift in Sources */,
			);
			runOnlyForDeploymentPostprocessing = 0;
		};
/* End PBXSourcesBuildPhase section */

/* Begin XCBuildConfiguration section */
		93D8F46E2C60017000868DA3 /* Debug */ = {
			isa = XCBuildConfiguration;
			buildSettings = {
				ALWAYS_SEARCH_USER_PATHS = NO;
				ASSETCATALOG_COMPILER_GENERATE_SWIFT_ASSET_SYMBOL_EXTENSIONS = YES;
				CLANG_ANALYZER_NONNULL = YES;
				CLANG_ANALYZER_NUMBER_OBJECT_CONVERSION = YES_AGGRESSIVE;
				CLANG_CXX_LANGUAGE_STANDARD = "gnu++20";
				CLANG_ENABLE_MODULES = YES;
				CLANG_ENABLE_OBJC_ARC = YES;
				CLANG_ENABLE_OBJC_WEAK = YES;
				CLANG_WARN_BLOCK_CAPTURE_AUTORELEASING = YES;
				CLANG_WARN_BOOL_CONVERSION = YES;
				CLANG_WARN_COMMA = YES;
				CLANG_WARN_CONSTANT_CONVERSION = YES;
				CLANG_WARN_DEPRECATED_OBJC_IMPLEMENTATIONS = YES;
				CLANG_WARN_DIRECT_OBJC_ISA_USAGE = YES_ERROR;
				CLANG_WARN_DOCUMENTATION_COMMENTS = YES;
				CLANG_WARN_EMPTY_BODY = YES;
				CLANG_WARN_ENUM_CONVERSION = YES;
				CLANG_WARN_INFINITE_RECURSION = YES;
				CLANG_WARN_INT_CONVERSION = YES;
				CLANG_WARN_NON_LITERAL_NULL_CONVERSION = YES;
				CLANG_WARN_OBJC_IMPLICIT_RETAIN_SELF = YES;
				CLANG_WARN_OBJC_LITERAL_CONVERSION = YES;
				CLANG_WARN_OBJC_ROOT_CLASS = YES_ERROR;
				CLANG_WARN_QUOTED_INCLUDE_IN_FRAMEWORK_HEADER = YES;
				CLANG_WARN_RANGE_LOOP_ANALYSIS = YES;
				CLANG_WARN_STRICT_PROTOTYPES = YES;
				CLANG_WARN_SUSPICIOUS_MOVE = YES;
				CLANG_WARN_UNGUARDED_AVAILABILITY = YES_AGGRESSIVE;
				CLANG_WARN_UNREACHABLE_CODE = YES;
				CLANG_WARN__DUPLICATE_METHOD_MATCH = YES;
				COPY_PHASE_STRIP = NO;
				DEBUG_INFORMATION_FORMAT = dwarf;
				ENABLE_STRICT_OBJC_MSGSEND = YES;
				ENABLE_TESTABILITY = YES;
				ENABLE_USER_SCRIPT_SANDBOXING = YES;
				GCC_C_LANGUAGE_STANDARD = gnu17;
				GCC_DYNAMIC_NO_PIC = NO;
				GCC_NO_COMMON_BLOCKS = YES;
				GCC_OPTIMIZATION_LEVEL = 0;
				GCC_PREPROCESSOR_DEFINITIONS = (
					"DEBUG=1",
					"$(inherited)",
				);
				GCC_WARN_64_TO_32_BIT_CONVERSION = YES;
				GCC_WARN_ABOUT_RETURN_TYPE = YES_ERROR;
				GCC_WARN_UNDECLARED_SELECTOR = YES;
				GCC_WARN_UNINITIALIZED_AUTOS = YES_AGGRESSIVE;
				GCC_WARN_UNUSED_FUNCTION = YES;
				GCC_WARN_UNUSED_VARIABLE = YES;
				LOCALIZATION_PREFERS_STRING_CATALOGS = YES;
				MTL_ENABLE_DEBUG_INFO = INCLUDE_SOURCE;
				MTL_FAST_MATH = YES;
				ONLY_ACTIVE_ARCH = YES;
				SWIFT_ACTIVE_COMPILATION_CONDITIONS = "DEBUG $(inherited)";
				SWIFT_OPTIMIZATION_LEVEL = "-Onone";
			};
			name = Debug;
		};
		93D8F46F2C60017000868DA3 /* Release */ = {
			isa = XCBuildConfiguration;
			buildSettings = {
				ALWAYS_SEARCH_USER_PATHS = NO;
				ASSETCATALOG_COMPILER_GENERATE_SWIFT_ASSET_SYMBOL_EXTENSIONS = YES;
				CLANG_ANALYZER_NONNULL = YES;
				CLANG_ANALYZER_NUMBER_OBJECT_CONVERSION = YES_AGGRESSIVE;
				CLANG_CXX_LANGUAGE_STANDARD = "gnu++20";
				CLANG_ENABLE_MODULES = YES;
				CLANG_ENABLE_OBJC_ARC = YES;
				CLANG_ENABLE_OBJC_WEAK = YES;
				CLANG_WARN_BLOCK_CAPTURE_AUTORELEASING = YES;
				CLANG_WARN_BOOL_CONVERSION = YES;
				CLANG_WARN_COMMA = YES;
				CLANG_WARN_CONSTANT_CONVERSION = YES;
				CLANG_WARN_DEPRECATED_OBJC_IMPLEMENTATIONS = YES;
				CLANG_WARN_DIRECT_OBJC_ISA_USAGE = YES_ERROR;
				CLANG_WARN_DOCUMENTATION_COMMENTS = YES;
				CLANG_WARN_EMPTY_BODY = YES;
				CLANG_WARN_ENUM_CONVERSION = YES;
				CLANG_WARN_INFINITE_RECURSION = YES;
				CLANG_WARN_INT_CONVERSION = YES;
				CLANG_WARN_NON_LITERAL_NULL_CONVERSION = YES;
				CLANG_WARN_OBJC_IMPLICIT_RETAIN_SELF = YES;
				CLANG_WARN_OBJC_LITERAL_CONVERSION = YES;
				CLANG_WARN_OBJC_ROOT_CLASS = YES_ERROR;
				CLANG_WARN_QUOTED_INCLUDE_IN_FRAMEWORK_HEADER = YES;
				CLANG_WARN_RANGE_LOOP_ANALYSIS = YES;
				CLANG_WARN_STRICT_PROTOTYPES = YES;
				CLANG_WARN_SUSPICIOUS_MOVE = YES;
				CLANG_WARN_UNGUARDED_AVAILABILITY = YES_AGGRESSIVE;
				CLANG_WARN_UNREACHABLE_CODE = YES;
				CLANG_WARN__DUPLICATE_METHOD_MATCH = YES;
				COPY_PHASE_STRIP = NO;
				DEBUG_INFORMATION_FORMAT = "dwarf-with-dsym";
				ENABLE_NS_ASSERTIONS = NO;
				ENABLE_STRICT_OBJC_MSGSEND = YES;
				ENABLE_USER_SCRIPT_SANDBOXING = YES;
				GCC_C_LANGUAGE_STANDARD = gnu17;
				GCC_NO_COMMON_BLOCKS = YES;
				GCC_WARN_64_TO_32_BIT_CONVERSION = YES;
				GCC_WARN_ABOUT_RETURN_TYPE = YES_ERROR;
				GCC_WARN_UNDECLARED_SELECTOR = YES;
				GCC_WARN_UNINITIALIZED_AUTOS = YES_AGGRESSIVE;
				GCC_WARN_UNUSED_FUNCTION = YES;
				GCC_WARN_UNUSED_VARIABLE = YES;
				LOCALIZATION_PREFERS_STRING_CATALOGS = YES;
				MTL_ENABLE_DEBUG_INFO = NO;
				MTL_FAST_MATH = YES;
				SWIFT_COMPILATION_MODE = wholemodule;
			};
			name = Release;
		};
		93D8F4712C60017000868DA3 /* Debug */ = {
			isa = XCBuildConfiguration;
			buildSettings = {
				ASSETCATALOG_COMPILER_APPICON_NAME = AppIcon;
				ASSETCATALOG_COMPILER_GLOBAL_ACCENT_COLOR_NAME = AccentColor;
				CODE_SIGN_ENTITLEMENTS = SwiftfulSwitUIInPractice/SwiftfulSwitUIInPractice.entitlements;
				CODE_SIGN_STYLE = Automatic;
				CURRENT_PROJECT_VERSION = 1;
				DEVELOPMENT_ASSET_PATHS = "\"SwiftfulSwitUIInPractice/Preview Content\"";
				DEVELOPMENT_TEAM = P849M354UU;
				ENABLE_HARDENED_RUNTIME = YES;
				ENABLE_PREVIEWS = YES;
				GENERATE_INFOPLIST_FILE = YES;
				"INFOPLIST_KEY_UIApplicationSceneManifest_Generation[sdk=iphoneos*]" = YES;
				"INFOPLIST_KEY_UIApplicationSceneManifest_Generation[sdk=iphonesimulator*]" = YES;
				"INFOPLIST_KEY_UIApplicationSupportsIndirectInputEvents[sdk=iphoneos*]" = YES;
				"INFOPLIST_KEY_UIApplicationSupportsIndirectInputEvents[sdk=iphonesimulator*]" = YES;
				"INFOPLIST_KEY_UILaunchScreen_Generation[sdk=iphoneos*]" = YES;
				"INFOPLIST_KEY_UILaunchScreen_Generation[sdk=iphonesimulator*]" = YES;
				"INFOPLIST_KEY_UIStatusBarStyle[sdk=iphoneos*]" = UIStatusBarStyleDefault;
				"INFOPLIST_KEY_UIStatusBarStyle[sdk=iphonesimulator*]" = UIStatusBarStyleDefault;
				INFOPLIST_KEY_UISupportedInterfaceOrientations_iPad = "UIInterfaceOrientationPortrait UIInterfaceOrientationPortraitUpsideDown UIInterfaceOrientationLandscapeLeft UIInterfaceOrientationLandscapeRight";
				INFOPLIST_KEY_UISupportedInterfaceOrientations_iPhone = "UIInterfaceOrientationPortrait UIInterfaceOrientationLandscapeLeft UIInterfaceOrientationLandscapeRight";
				IPHONEOS_DEPLOYMENT_TARGET = 17.5;
				LD_RUNPATH_SEARCH_PATHS = "@executable_path/Frameworks";
				"LD_RUNPATH_SEARCH_PATHS[sdk=macosx*]" = "@executable_path/../Frameworks";
				MACOSX_DEPLOYMENT_TARGET = 14.5;
				MARKETING_VERSION = 1.0;
				PRODUCT_BUNDLE_IDENTIFIER = com.brandonsams.SwiftfulSwitUIInPractice;
				PRODUCT_NAME = "$(TARGET_NAME)";
				SDKROOT = auto;
				SUPPORTED_PLATFORMS = "iphoneos iphonesimulator";
				SUPPORTS_MACCATALYST = NO;
				SWIFT_EMIT_LOC_STRINGS = YES;
				SWIFT_VERSION = 5.0;
				TARGETED_DEVICE_FAMILY = "1,2";
			};
			name = Debug;
		};
		93D8F4722C60017000868DA3 /* Release */ = {
			isa = XCBuildConfiguration;
			buildSettings = {
				ASSETCATALOG_COMPILER_APPICON_NAME = AppIcon;
				ASSETCATALOG_COMPILER_GLOBAL_ACCENT_COLOR_NAME = AccentColor;
				CODE_SIGN_ENTITLEMENTS = SwiftfulSwitUIInPractice/SwiftfulSwitUIInPractice.entitlements;
				CODE_SIGN_STYLE = Automatic;
				CURRENT_PROJECT_VERSION = 1;
				DEVELOPMENT_ASSET_PATHS = "\"SwiftfulSwitUIInPractice/Preview Content\"";
				DEVELOPMENT_TEAM = P849M354UU;
				ENABLE_HARDENED_RUNTIME = YES;
				ENABLE_PREVIEWS = YES;
				GENERATE_INFOPLIST_FILE = YES;
				"INFOPLIST_KEY_UIApplicationSceneManifest_Generation[sdk=iphoneos*]" = YES;
				"INFOPLIST_KEY_UIApplicationSceneManifest_Generation[sdk=iphonesimulator*]" = YES;
				"INFOPLIST_KEY_UIApplicationSupportsIndirectInputEvents[sdk=iphoneos*]" = YES;
				"INFOPLIST_KEY_UIApplicationSupportsIndirectInputEvents[sdk=iphonesimulator*]" = YES;
				"INFOPLIST_KEY_UILaunchScreen_Generation[sdk=iphoneos*]" = YES;
				"INFOPLIST_KEY_UILaunchScreen_Generation[sdk=iphonesimulator*]" = YES;
				"INFOPLIST_KEY_UIStatusBarStyle[sdk=iphoneos*]" = UIStatusBarStyleDefault;
				"INFOPLIST_KEY_UIStatusBarStyle[sdk=iphonesimulator*]" = UIStatusBarStyleDefault;
				INFOPLIST_KEY_UISupportedInterfaceOrientations_iPad = "UIInterfaceOrientationPortrait UIInterfaceOrientationPortraitUpsideDown UIInterfaceOrientationLandscapeLeft UIInterfaceOrientationLandscapeRight";
				INFOPLIST_KEY_UISupportedInterfaceOrientations_iPhone = "UIInterfaceOrientationPortrait UIInterfaceOrientationLandscapeLeft UIInterfaceOrientationLandscapeRight";
				IPHONEOS_DEPLOYMENT_TARGET = 17.5;
				LD_RUNPATH_SEARCH_PATHS = "@executable_path/Frameworks";
				"LD_RUNPATH_SEARCH_PATHS[sdk=macosx*]" = "@executable_path/../Frameworks";
				MACOSX_DEPLOYMENT_TARGET = 14.5;
				MARKETING_VERSION = 1.0;
				PRODUCT_BUNDLE_IDENTIFIER = com.brandonsams.SwiftfulSwitUIInPractice;
				PRODUCT_NAME = "$(TARGET_NAME)";
				SDKROOT = auto;
				SUPPORTED_PLATFORMS = "iphoneos iphonesimulator";
				SUPPORTS_MACCATALYST = NO;
				SWIFT_EMIT_LOC_STRINGS = YES;
				SWIFT_VERSION = 5.0;
				TARGETED_DEVICE_FAMILY = "1,2";
			};
			name = Release;
		};
/* End XCBuildConfiguration section */

/* Begin XCConfigurationList section */
		93D8F45C2C60016F00868DA3 /* Build configuration list for PBXProject "SwiftfulSwitUIInPractice" */ = {
			isa = XCConfigurationList;
			buildConfigurations = (
				93D8F46E2C60017000868DA3 /* Debug */,
				93D8F46F2C60017000868DA3 /* Release */,
			);
			defaultConfigurationIsVisible = 0;
			defaultConfigurationName = Release;
		};
		93D8F4702C60017000868DA3 /* Build configuration list for PBXNativeTarget "SwiftfulSwitUIInPractice" */ = {
			isa = XCConfigurationList;
			buildConfigurations = (
				93D8F4712C60017000868DA3 /* Debug */,
				93D8F4722C60017000868DA3 /* Release */,
			);
			defaultConfigurationIsVisible = 0;
			defaultConfigurationName = Release;
		};
/* End XCConfigurationList section */

/* Begin XCRemoteSwiftPackageReference section */
		93D8F4732C6002D900868DA3 /* XCRemoteSwiftPackageReference "SDWebImageSwiftUI" */ = {
			isa = XCRemoteSwiftPackageReference;
			repositoryURL = "https://github.com/SDWebImage/SDWebImageSwiftUI";
			requirement = {
				kind = upToNextMajorVersion;
				minimumVersion = 3.1.1;
			};
		};
		93DDA05E2C6012340014F8AE /* XCRemoteSwiftPackageReference "SwiftfulUI" */ = {
			isa = XCRemoteSwiftPackageReference;
			repositoryURL = "https://github.com/SwiftfulThinking/SwiftfulUI.git";
			requirement = {
				kind = upToNextMajorVersion;
				minimumVersion = 1.2.0;
			};
		};
		93DDA0612C60123F0014F8AE /* XCRemoteSwiftPackageReference "SwiftfulRouting" */ = {
			isa = XCRemoteSwiftPackageReference;
			repositoryURL = "https://github.com/SwiftfulThinking/SwiftfulRouting.git";
			requirement = {
				kind = upToNextMajorVersion;
				minimumVersion = 5.3.5;
			};
		};
/* End XCRemoteSwiftPackageReference section */

/* Begin XCSwiftPackageProductDependency section */
		93D8F4742C6002D900868DA3 /* SDWebImageSwiftUI */ = {
			isa = XCSwiftPackageProductDependency;
			package = 93D8F4732C6002D900868DA3 /* XCRemoteSwiftPackageReference "SDWebImageSwiftUI" */;
			productName = SDWebImageSwiftUI;
		};
		93DDA05F2C6012340014F8AE /* SwiftfulUI */ = {
			isa = XCSwiftPackageProductDependency;
			package = 93DDA05E2C6012340014F8AE /* XCRemoteSwiftPackageReference "SwiftfulUI" */;
			productName = SwiftfulUI;
		};
		93DDA0622C60123F0014F8AE /* SwiftfulRouting */ = {
			isa = XCSwiftPackageProductDependency;
			package = 93DDA0612C60123F0014F8AE /* XCRemoteSwiftPackageReference "SwiftfulRouting" */;
			productName = SwiftfulRouting;
		};
/* End XCSwiftPackageProductDependency section */
	};
	rootObject = 93D8F4592C60016F00868DA3 /* Project object */;
}
